
Microsoft Visual Studio Solution File, Format Version 12.00
# Visual Studio 15
VisualStudioVersion = 15.0.26430.6
MinimumVisualStudioVersion = 10.0.40219.1
Project("{F184B08F-C81C-45F6-A57F-5ABD9991F28F}") = "Cleanup", "Cleanup\Cleanup.vbproj", "{42CB67CC-77C2-4048-8A8A-081E382A5E83}"
EndProject
Global
	GlobalSection(SolutionConfigurationPlatforms) = preSolution
		Debug|Any CPU = Debug|Any CPU
		Release|Any CPU = Release|Any CPU
	EndGlobalSection
	GlobalSection(ProjectConfigurationPlatforms) = postSolution
		{42CB67CC-77C2-4048-8A8A-081E382A5E83}.Debug|Any CPU.ActiveCfg = Debug|Any CPU
		{42CB67CC-77C2-4048-8A8A-081E382A5E83}.Debug|Any CPU.Build.0 = Debug|Any CPU
		{42CB67CC-77C2-4048-8A8A-081E382A5E83}.Release|Any CPU.ActiveCfg = Release|Any CPU
		{42CB67CC-77C2-4048-8A8A-081E382A5E83}.Release|Any CPU.Build.0 = Release|Any CPU
	EndGlobalSection
	GlobalSection(SolutionProperties) = preSolution
		HideSolutionNode = FALSE
	EndGlobalSection
EndGlobal
